
Microsoft Visual Studio Solution File, Format Version 12.00
# Visual Studio 15
VisualStudioVersion = 15.0.27703.2042
MinimumVisualStudioVersion = 10.0.40219.1
Project("{8BC9CEB8-8B4A-11D0-8D11-00A0C91BC942}") = "Algorithm", "Algorithm\Algorithm.vcxproj", "{A207EAA3-4EF1-4E37-ADD1-0551949BBABF}"
EndProject
Global
	GlobalSection(SolutionConfigurationPlatforms) = preSolution
		Debug|x64 = Debug|x64
		Debug|x86 = Debug|x86
		Release|x64 = Release|x64
		Release|x86 = Release|x86
	EndGlobalSection
	GlobalSection(ProjectConfigurationPlatforms) = postSolution
		{A207EAA3-4EF1-4E37-ADD1-0551949BBABF}.Debug|x64.ActiveCfg = Debug|x64
		{A207EAA3-4EF1-4E37-ADD1-0551949BBABF}.Debug|x64.Build.0 = Debug|x64
		{A207EAA3-4EF1-4E37-ADD1-0551949BBABF}.Debug|x86.ActiveCfg = Debug|Win32
		{A207EAA3-4EF1-4E37-ADD1-0551949BBABF}.Debug|x86.Build.0 = Debug|Win32
		{A207EAA3-4EF1-4E37-ADD1-0551949BBABF}.Release|x64.ActiveCfg = Release|x64
		{A207EAA3-4EF1-4E37-ADD1-0551949BBABF}.Release|x64.Build.0 = Release|x64
		{A207EAA3-4EF1-4E37-ADD1-0551949BBABF}.Release|x86.ActiveCfg = Release|Win32
		{A207EAA3-4EF1-4E37-ADD1-0551949BBABF}.Release|x86.Build.0 = Release|Win32
	EndGlobalSection
	GlobalSection(SolutionProperties) = preSolution
		HideSolutionNode = FALSE
	EndGlobalSection
	GlobalSection(ExtensibilityGlobals) = postSolution
		SolutionGuid = {9897B8B2-22F0-4C37-A74A-5FC542BB6F1A}
	EndGlobalSection
EndGlobal
